{
    "_meta": {
        "hash": {
            "sha256": "3f1ae806fb31f173ea15be5907b0ec93aafa3ca05963daea721b5db48edd9623"
        },
        "pipfile-spec": 6,
        "requires": {
            "python_version": "3.5"
        },
        "sources": [
            {
                "name": "pypi",
                "url": "https://pypi.org/simple",
                "verify_ssl": true
            }
        ]
    },
    "default": {
        "django": {
            "hashes": [
                "sha256:52a66d7f8b036d02da0a4472359e8be1727424fc1e4b4f5c684ef97de7b569e1",
                "sha256:c85b8c95366e187ca0581d45a6e508107ca4bd38cb45c24aa09d3572074c523d"
            ],
            "index": "pypi",
            "version": "==1.11.23"
        },
        "djangorestframework": {
            "hashes": [
                "sha256:3dc4bb6377dd1d58d8e2adc908d4f2e3bca5d8d0fb8323c49f57c8c8d407f6ec",
                "sha256:fa6a8156d88bbc05bb8ccd69d97ead33a828d95804f11e464b1750c3f93fa2ec"
            ],
            "index": "pypi",
            "version": "==3.6.2"
        },
        "djangorestframework-jwt": {
            "hashes": [
                "sha256:5efe33032f3a4518a300dc51a51c92145ad95fb6f4b272e5aa24701db67936a7",
                "sha256:ab15dfbbe535eede8e2e53adaf52ef0cf018ee27dbfad10cbc4cbec2ab63d38c"
            ],
            "index": "pypi",
            "version": "==1.11.0"
        },
        "pyjwt": {
            "hashes": [
                "sha256:5c6eca3c2940464d106b99ba83b00c6add741c9becaec087fb7ccdefea71350e",
                "sha256:8d59a976fb773f3e6a39c85636357c4f0e242707394cadadd9814f5cbaa20e96"
            ],
            "version": "==1.7.1"
        },
        "pytz": {
            "hashes": [
                "sha256:1c557d7d0e871de1f5ccd5833f60fb2550652da6be2693c1e02300743d21500d",
                "sha256:b02c06db6cf09c12dd25137e563b31700d3b80fcc4ad23abb7a315f2789819be"
            ],
            "version": "==2019.3"
        }
    },
    "develop": {}
}
