{
    "_meta": {
        "hash": {
            "sha256": "2614e471723d7ce04f38a85a727fbb7630094406f6b6cfa99828365e609b0b84"
        },
        "pipfile-spec": 6,
        "requires": {
            "python_version": "3.5"
        },
        "sources": [
            {
                "name": "pypi",
                "url": "https://pypi.org/simple",
                "verify_ssl": true
            }
        ]
    },
    "default": {
        "django": {
            "hashes": [
                "sha256:0120b3b60760fb0617848b58aaa9702c0bf963320ed472f0879c5c55ab75b64a",
                "sha256:b6f3b864944276b4fd1d099952112696558f78b77b39188ac92b6c5e80152c30"
            ],
            "index": "pypi",
            "version": "==1.11"
        },
        "djangorestframework": {
            "hashes": [
                "sha256:3dc4bb6377dd1d58d8e2adc908d4f2e3bca5d8d0fb8323c49f57c8c8d407f6ec",
                "sha256:fa6a8156d88bbc05bb8ccd69d97ead33a828d95804f11e464b1750c3f93fa2ec"
            ],
            "index": "pypi",
            "version": "==3.6.2"
        },
        "pytz": {
            "hashes": [
                "sha256:303879e36b721603cc54604edcac9d20401bdbe31e1e4fdee5b9f98d5d31dfda",
                "sha256:d747dd3d23d77ef44c6a3526e274af6efeb0a6f1afd5a69ba4d5be4098c8e141"
            ],
            "version": "==2019.1"
        }
    },
    "develop": {}
}
